github.com/LeandroLS/valoop v0.0.0-20211123230107-4161faae1a3f h1:/dYV6Ms3PSPAyrmW9a05R5itfd7IBp18xpEIk1CPB2o=
github.com/LeandroLS/valoop v0.0.0-20211123230107-4161faae1a3f/go.mod h1:ctFuyJChm0L0U/N1qY91ORcUXR0Zhlvpsgmt99kd2x4=
github.com/LeandroLS/valoop v0.0.0-20211123230358-d30f1869acee h1:LiA4jZu7H1746foLp6M3lA361o3CxGpkKn01Repbj5g=
github.com/LeandroLS/valoop v0.0.0-20211123230358-d30f1869acee/go.mod h1:ctFuyJChm0L0U/N1qY91ORcUXR0Zhlvpsgmt99kd2x4=
github.com/gomarkdown/markdown v0.0.0-20211105120026-16f708f914c3 h1:YYPIb87JCyLEK3Iw/dfgmpLm2cL2Qc7JNNdYdE87b9s=
github.com/gomarkdown/markdown v0.0.0-20211105120026-16f708f914c3/go.mod h1:JDGcbDT52eL4fju3sZ4TeHGsQwhG9nbDV21aMyhwPoA=
golang.org/x/net v0.0.0-20211111160137-58aab5ef257a h1:c83jeVQW0KGKNaKBRfelNYNHaev+qawl9yaA825s8XE=
golang.org/x/net v0.0.0-20211111160137-58aab5ef257a/go.mod h1:9nx3DQGgdP8bBQD5qxJ1jj9UTztislL4KSBs9R2vV5Y=
golang.org/x/sys v0.0.0-20201119102817-f84b799fce68/go.mod h1:h1NjWce9XRLGQEsW7wpKNCjG9DtNlClVuFLEZdDNbEs=
golang.org/x/sys v0.0.0-20210423082822-04245dca01da/go.mod h1:h1NjWce9XRLGQEsW7wpKNCjG9DtNlClVuFLEZdDNbEs=
golang.org/x/term v0.0.0-20201126162022-7de9c90e9dd1/go.mod h1:bj7SfCRtBDWHUb9snDiAeCFNEtKQo2Wmx5Cou7ajbmo=
golang.org/x/text v0.3.6/go.mod h1:5Zoc/QRtKVWzQhOtBMvqHzDpF6irO9z98xDceosuGiQ=
golang.org/x/tools v0.0.0-20180917221912-90fa682c2a6e/go.mod h1:n7NCudcB/nEzxVGmLbDWY5pfWTLqBcC2KZ6jyYvM4mQ=
